
Microsoft Visual Studio Solution File, Format Version 12.00
# Visual Studio 15
VisualStudioVersion = 15.0.28010.2016
MinimumVisualStudioVersion = 10.0.40219.1
Project("{FAE04EC0-301F-11D3-BF4B-00C04F79EFBC}") = "T12", "T12\T12.csproj", "{CE8107CA-F9E7-4CD6-82CE-8F7BBBD925CA}"
EndProject
Global
	GlobalSection(SolutionConfigurationPlatforms) = preSolution
		Debug|Any CPU = Debug|Any CPU
		Release|Any CPU = Release|Any CPU
	EndGlobalSection
	GlobalSection(ProjectConfigurationPlatforms) = postSolution
		{CE8107CA-F9E7-4CD6-82CE-8F7BBBD925CA}.Debug|Any CPU.ActiveCfg = Debug|Any CPU
		{CE8107CA-F9E7-4CD6-82CE-8F7BBBD925CA}.Debug|Any CPU.Build.0 = Debug|Any CPU
		{CE8107CA-F9E7-4CD6-82CE-8F7BBBD925CA}.Release|Any CPU.ActiveCfg = Release|Any CPU
		{CE8107CA-F9E7-4CD6-82CE-8F7BBBD925CA}.Release|Any CPU.Build.0 = Release|Any CPU
	EndGlobalSection
	GlobalSection(SolutionProperties) = preSolution
		HideSolutionNode = FALSE
	EndGlobalSection
	GlobalSection(ExtensibilityGlobals) = postSolution
		SolutionGuid = {A8FB0968-2B46-462D-B22D-268FD2D53446}
	EndGlobalSection
EndGlobal
