
Microsoft Visual Studio Solution File, Format Version 12.00
# Visual Studio 15
VisualStudioVersion = 15.0.28010.2003
MinimumVisualStudioVersion = 10.0.40219.1
Project("{FAE04EC0-301F-11D3-BF4B-00C04F79EFBC}") = "T8", "T8\T8.csproj", "{1B493C91-9273-43B6-906B-509A2A1363EB}"
EndProject
Global
	GlobalSection(SolutionConfigurationPlatforms) = preSolution
		Debug|Any CPU = Debug|Any CPU
		Release|Any CPU = Release|Any CPU
	EndGlobalSection
	GlobalSection(ProjectConfigurationPlatforms) = postSolution
		{1B493C91-9273-43B6-906B-509A2A1363EB}.Debug|Any CPU.ActiveCfg = Debug|Any CPU
		{1B493C91-9273-43B6-906B-509A2A1363EB}.Debug|Any CPU.Build.0 = Debug|Any CPU
		{1B493C91-9273-43B6-906B-509A2A1363EB}.Release|Any CPU.ActiveCfg = Release|Any CPU
		{1B493C91-9273-43B6-906B-509A2A1363EB}.Release|Any CPU.Build.0 = Release|Any CPU
	EndGlobalSection
	GlobalSection(SolutionProperties) = preSolution
		HideSolutionNode = FALSE
	EndGlobalSection
	GlobalSection(ExtensibilityGlobals) = postSolution
		SolutionGuid = {637BD8CE-9C33-4C83-B614-6CE3BB6225C5}
	EndGlobalSection
EndGlobal
